
Microsoft Visual Studio Solution File, Format Version 12.00
# Visual Studio Version 17
VisualStudioVersion = 17.7.34003.232
MinimumVisualStudioVersion = 10.0.40219.1
Project("{FAE04EC0-301F-11D3-BF4B-00C04F79EFBC}") = "TrayIconExperimenting", "TrayIconExperimenting.csproj", "{AAD85633-004E-4761-B5CA-A68D5F694513}"
EndProject
Global
	GlobalSection(SolutionConfigurationPlatforms) = preSolution
		Debug|Any CPU = Debug|Any CPU
		Release|Any CPU = Release|Any CPU
	EndGlobalSection
	GlobalSection(ProjectConfigurationPlatforms) = postSolution
		{AAD85633-004E-4761-B5CA-A68D5F694513}.Debug|Any CPU.ActiveCfg = Debug|Any CPU
		{AAD85633-004E-4761-B5CA-A68D5F694513}.Debug|Any CPU.Build.0 = Debug|Any CPU
		{AAD85633-004E-4761-B5CA-A68D5F694513}.Release|Any CPU.ActiveCfg = Release|Any CPU
		{AAD85633-004E-4761-B5CA-A68D5F694513}.Release|Any CPU.Build.0 = Release|Any CPU
	EndGlobalSection
	GlobalSection(SolutionProperties) = preSolution
		HideSolutionNode = FALSE
	EndGlobalSection
	GlobalSection(ExtensibilityGlobals) = postSolution
		SolutionGuid = {0907B088-4C5A-4F3D-A26C-3816F82F4DC4}
	EndGlobalSection
EndGlobal
